{
  "name": "ajs-homeworks_platforms_using-library",
  "version": "1.0.0",
  "lockfileVersion": 1,
  "requires": true,
  "dependencies": {
    "@dafery/ajs": {
      "version": "1.0.0",
      "resolved": "https://npm.pkg.github.com/download/@dafery/ajs/1.0.0/bda7a9e2a7926a244a0e828af39674da7e40f1c3",
      "integrity": "sha512-HSR6pzWvRZIfjgtm+OS+rtNi7jzUqo0R84Dfn1o6cbtOFl7UXUDvPfvzJctLpplhNpO/KOPvp612kDrCSb8IAg=="
    }
  }
}
